
Microsoft Visual Studio Solution File, Format Version 12.00
# Visual Studio 15
VisualStudioVersion = 15.0.28307.271
MinimumVisualStudioVersion = 10.0.40219.1
Project("{FAE04EC0-301F-11D3-BF4B-00C04F79EFBC}") = "ClientsStruct", "ClientsStruct\ClientsStruct.csproj", "{88F51968-B74F-40F0-9EB1-43116FA566B9}"
EndProject
Global
	GlobalSection(SolutionConfigurationPlatforms) = preSolution
		Debug|Any CPU = Debug|Any CPU
		Release|Any CPU = Release|Any CPU
	EndGlobalSection
	GlobalSection(ProjectConfigurationPlatforms) = postSolution
		{88F51968-B74F-40F0-9EB1-43116FA566B9}.Debug|Any CPU.ActiveCfg = Debug|Any CPU
		{88F51968-B74F-40F0-9EB1-43116FA566B9}.Debug|Any CPU.Build.0 = Debug|Any CPU
		{88F51968-B74F-40F0-9EB1-43116FA566B9}.Release|Any CPU.ActiveCfg = Release|Any CPU
		{88F51968-B74F-40F0-9EB1-43116FA566B9}.Release|Any CPU.Build.0 = Release|Any CPU
	EndGlobalSection
	GlobalSection(SolutionProperties) = preSolution
		HideSolutionNode = FALSE
	EndGlobalSection
	GlobalSection(ExtensibilityGlobals) = postSolution
		SolutionGuid = {6B83405C-1862-4B9B-A741-1A710C0C7903}
	EndGlobalSection
EndGlobal
